
Microsoft Visual Studio Solution File, Format Version 12.00
# Visual Studio Version 16
VisualStudioVersion = 16.0.30413.136
MinimumVisualStudioVersion = 10.0.40219.1
Project("{F2A71F9B-5D33-465A-A702-920D77279786}") = "Models.Tests", "Models.Tests\Models.Tests.fsproj", "{C456347F-072E-4D63-AF11-0CE12380046B}"
EndProject
Project("{F2A71F9B-5D33-465A-A702-920D77279786}") = "Models.Build", "Models.Build\Models.Build.fsproj", "{AB421204-D04E-4D61-BC12-9C3C817B137A}"
EndProject
Global
	GlobalSection(SolutionConfigurationPlatforms) = preSolution
		Debug|Any CPU = Debug|Any CPU
		Release|Any CPU = Release|Any CPU
	EndGlobalSection
	GlobalSection(ProjectConfigurationPlatforms) = postSolution
		{C456347F-072E-4D63-AF11-0CE12380046B}.Debug|Any CPU.ActiveCfg = Debug|Any CPU
		{C456347F-072E-4D63-AF11-0CE12380046B}.Debug|Any CPU.Build.0 = Debug|Any CPU
		{C456347F-072E-4D63-AF11-0CE12380046B}.Release|Any CPU.ActiveCfg = Release|Any CPU
		{C456347F-072E-4D63-AF11-0CE12380046B}.Release|Any CPU.Build.0 = Release|Any CPU
		{AB421204-D04E-4D61-BC12-9C3C817B137A}.Debug|Any CPU.ActiveCfg = Debug|Any CPU
		{AB421204-D04E-4D61-BC12-9C3C817B137A}.Debug|Any CPU.Build.0 = Debug|Any CPU
		{AB421204-D04E-4D61-BC12-9C3C817B137A}.Release|Any CPU.ActiveCfg = Release|Any CPU
		{AB421204-D04E-4D61-BC12-9C3C817B137A}.Release|Any CPU.Build.0 = Release|Any CPU
	EndGlobalSection
	GlobalSection(SolutionProperties) = preSolution
		HideSolutionNode = FALSE
	EndGlobalSection
	GlobalSection(ExtensibilityGlobals) = postSolution
		SolutionGuid = {957F34F4-01B1-40F4-B67B-D5961E22621A}
	EndGlobalSection
EndGlobal
